<?xml version="1.0" encoding="utf-8"?>
<Project ToolsVersion="4.0" xmlns="http://schemas.microsoft.com/developer/msbuild/2003">
  <ItemGroup>
    <Filter Include="Source Files">
      <UniqueIdentifier>{4FC737F1-C7A5-4376-A066-2A32D752A2FF}</UniqueIdentifier>
      <Extensions>cpp;c;cc;cxx;def;odl;idl;hpj;bat;asm;asmx</Extensions>
    </Filter>
    <Filter Include="Source Files\Core">
      <UniqueIdentifier>{18420443-0583-4901-a6c3-86767cfc3785}</UniqueIdentifier>
    </Filter>
    <Filter Include="Source Files\Gameplay">
      <UniqueIdentifier>{f2bd12bb-0767-4e8b-aad2-38de5f8608c6}</UniqueIdentifier>
    </Filter>
    <Filter Include="Source Files\Resources">
      <UniqueIdentifier>{1c70cf40-8ef2-47cc-9528-e0bfaa57ed36}</UniqueIdentifier>
    </Filter>
    <Filter Include="Source Files\Programming Tools">
      <UniqueIdentifier>{ee76248a-5a6a-4184-ada1-09e57c128067}</UniqueIdentifier>
    </Filter>
  </ItemGroup>
  <ItemGroup>
    <ClInclude Include="Application.h">
      <Filter>Source Files\Core</Filter>
    </ClInclude>
    <ClInclude Include="Globals.h">
      <Filter>Source Files\Core</Filter>
    </ClInclude>
    <ClInclude Include="Module.h">
      <Filter>Source Files\Core</Filter>
    </ClInclude>
    <ClInclude Include="Color.h">
      <Filter>Source Files\Resources</Filter>
    </ClInclude>
    <ClInclude Include="Light.h">
      <Filter>Source Files\Resources</Filter>
    </ClInclude>
    <ClInclude Include="ModulePlayer.h">
      <Filter>Source Files\Gameplay</Filter>
    </ClInclude>
    <ClInclude Include="ModuleSceneIntro.h">
      <Filter>Source Files\Gameplay</Filter>
    </ClInclude>
    <ClInclude Include="ModuleWindow.h">
      <Filter>Source Files\Core</Filter>
    </ClInclude>
    <ClInclude Include="Timer.h">
      <Filter>Source Files\Resources</Filter>
    </ClInclude>
    <ClInclude Include="PhysVehicle3D.h">
      <Filter>Source Files\Gameplay</Filter>
    </ClInclude>
    <ClInclude Include="Primitive.h">
      <Filter>Source Files\Resources</Filter>
    </ClInclude>
    <ClInclude Include="glmath.h">
      <Filter>Source Files\Programming Tools</Filter>
    </ClInclude>
    <ClInclude Include="p2DynArray.h">
      <Filter>Source Files\Programming Tools</Filter>
    </ClInclude>
    <ClInclude Include="p2List.h">
      <Filter>Source Files\Programming Tools</Filter>
    </ClInclude>
    <ClInclude Include="p2Point.h">
      <Filter>Source Files\Programming Tools</Filter>
    </ClInclude>
    <ClInclude Include="ModuleAudio.h">
      <Filter>Source Files\Core</Filter>
    </ClInclude>
    <ClInclude Include="ModuleCamera3D.h">
      <Filter>Source Files\Gameplay</Filter>
    </ClInclude>
    <ClInclude Include="ModuleInput.h">
      <Filter>Source Files\Core</Filter>
    </ClInclude>
    <ClInclude Include="ModulePhysics3D.h">
      <Filter>Source Files\Gameplay</Filter>
    </ClInclude>
    <ClInclude Include="PhysBody3D.h">
      <Filter>Source Files\Gameplay</Filter>
    </ClInclude>
    <ClInclude Include="ModuleRenderer3D.h">
      <Filter>Source Files\Core</Filter>
    </ClInclude>
  </ItemGroup>
  <ItemGroup>
    <ClCompile Include="Application.cpp">
      <Filter>Source Files\Core</Filter>
    </ClCompile>
    <ClCompile Include="Main.cpp">
      <Filter>Source Files\Core</Filter>
    </ClCompile>
    <ClCompile Include="Color.cpp">
      <Filter>Source Files\Resources</Filter>
    </ClCompile>
    <ClCompile Include="Light.cpp">
      <Filter>Source Files\Resources</Filter>
    </ClCompile>
    <ClCompile Include="ModulePlayer.cpp">
      <Filter>Source Files\Gameplay</Filter>
    </ClCompile>
    <ClCompile Include="ModuleSceneIntro.cpp">
      <Filter>Source Files\Gameplay</Filter>
    </ClCompile>
    <ClCompile Include="ModuleWindow.cpp">
      <Filter>Source Files\Core</Filter>
    </ClCompile>
    <ClCompile Include="Timer.cpp">
      <Filter>Source Files\Resources</Filter>
    </ClCompile>
    <ClCompile Include="PhysVehicle3D.cpp">
      <Filter>Source Files\Gameplay</Filter>
    </ClCompile>
    <ClCompile Include="Primitive.cpp">
      <Filter>Source Files\Resources</Filter>
    </ClCompile>
    <ClCompile Include="glmath.cpp">
      <Filter>Source Files\Programming Tools</Filter>
    </ClCompile>
    <ClCompile Include="log.cpp">
      <Filter>Source Files\Programming Tools</Filter>
    </ClCompile>
    <ClCompile Include="ModuleAudio.cpp">
      <Filter>Source Files\Core</Filter>
    </ClCompile>
    <ClCompile Include="ModuleCamera3D.cpp">
      <Filter>Source Files\Gameplay</Filter>
    </ClCompile>
    <ClCompile Include="ModuleInput.cpp">
      <Filter>Source Files\Core</Filter>
    </ClCompile>
    <ClCompile Include="ModulePhysics3D.cpp">
      <Filter>Source Files\Gameplay</Filter>
    </ClCompile>
    <ClCompile Include="PhysBody3D.cpp">
      <Filter>Source Files\Gameplay</Filter>
    </ClCompile>
    <ClCompile Include="ModuleRenderer3D.cpp">
      <Filter>Source Files\Core</Filter>
    </ClCompile>
  </ItemGroup>
</Project>